// !$*UTF8*$!
{
	archiveVersion = 1;
	classes = {
	};
	objectVersion = 56;
	objects = {

/* Begin PBXBuildFile section */
		4155031128F737FC00A1700E /* AppDelegate.swift in Sources */ = {isa = PBXBuildFile; fileRef = 4155031028F737FC00A1700E /* AppDelegate.swift */; };
		4155031328F737FC00A1700E /* SceneDelegate.swift in Sources */ = {isa = PBXBuildFile; fileRef = 4155031228F737FC00A1700E /* SceneDelegate.swift */; };
		4155031528F737FC00A1700E /* ProductListViewController.swift in Sources */ = {isa = PBXBuildFile; fileRef = 4155031428F737FC00A1700E /* ProductListViewController.swift */; };
		4155031828F737FC00A1700E /* Main.storyboard in Resources */ = {isa = PBXBuildFile; fileRef = 4155031628F737FC00A1700E /* Main.storyboard */; };
		4155031A28F737FF00A1700E /* Assets.xcassets in Resources */ = {isa = PBXBuildFile; fileRef = 4155031928F737FF00A1700E /* Assets.xcassets */; };
		4155031D28F737FF00A1700E /* LaunchScreen.storyboard in Resources */ = {isa = PBXBuildFile; fileRef = 4155031B28F737FF00A1700E /* LaunchScreen.storyboard */; };
		4155032828F737FF00A1700E /* ProductCatalogTests.swift in Sources */ = {isa = PBXBuildFile; fileRef = 4155032728F737FF00A1700E /* ProductCatalogTests.swift */; };
		4155033228F737FF00A1700E /* ProductCatalogUITests.swift in Sources */ = {isa = PBXBuildFile; fileRef = 4155033128F737FF00A1700E /* ProductCatalogUITests.swift */; };
		4155033428F737FF00A1700E /* ProductCatalogUITestsLaunchTests.swift in Sources */ = {isa = PBXBuildFile; fileRef = 4155033328F737FF00A1700E /* ProductCatalogUITestsLaunchTests.swift */; };
		41561B1428F7E90200669971 /* ProductDetailsViewController.swift in Sources */ = {isa = PBXBuildFile; fileRef = 41561B1328F7E90100669971 /* ProductDetailsViewController.swift */; };
		41561B1628F7E93400669971 /* ProductListViewModel.swift in Sources */ = {isa = PBXBuildFile; fileRef = 41561B1528F7E93400669971 /* ProductListViewModel.swift */; };
		41561B1828F7E94B00669971 /* ProductDetailsViewModel.swift in Sources */ = {isa = PBXBuildFile; fileRef = 41561B1728F7E94B00669971 /* ProductDetailsViewModel.swift */; };
		41561B1A28F7E9A200669971 /* ProductListModel.swift in Sources */ = {isa = PBXBuildFile; fileRef = 41561B1928F7E9A200669971 /* ProductListModel.swift */; };
		41561B1C28F7E9C400669971 /* ProductDetailsModel.swift in Sources */ = {isa = PBXBuildFile; fileRef = 41561B1B28F7E9C400669971 /* ProductDetailsModel.swift */; };
		41561B1E28F7EA1F00669971 /* ProductListRouter.swift in Sources */ = {isa = PBXBuildFile; fileRef = 41561B1D28F7EA1F00669971 /* ProductListRouter.swift */; };
		41561B2028F7EA3500669971 /* ProductDetailsRouter.swift in Sources */ = {isa = PBXBuildFile; fileRef = 41561B1F28F7EA3500669971 /* ProductDetailsRouter.swift */; };
		41561B2228F8027E00669971 /* HttpClient.swift in Sources */ = {isa = PBXBuildFile; fileRef = 41561B2128F8027E00669971 /* HttpClient.swift */; };
		41561B2428F943A000669971 /* Extensions.swift in Sources */ = {isa = PBXBuildFile; fileRef = 41561B2328F943A000669971 /* Extensions.swift */; };
		41B1060A28FAE18D00F1B28D /* Configuration.swift in Sources */ = {isa = PBXBuildFile; fileRef = 41B1060928FAE18D00F1B28D /* Configuration.swift */; };
/* End PBXBuildFile section */

/* Begin PBXContainerItemProxy section */
		4155032428F737FF00A1700E /* PBXContainerItemProxy */ = {
			isa = PBXContainerItemProxy;
			containerPortal = 4155030528F737FC00A1700E /* Project object */;
			proxyType = 1;
			remoteGlobalIDString = 4155030C28F737FC00A1700E;
			remoteInfo = ProductCatalog;
		};
		4155032E28F737FF00A1700E /* PBXContainerItemProxy */ = {
			isa = PBXContainerItemProxy;
			containerPortal = 4155030528F737FC00A1700E /* Project object */;
			proxyType = 1;
			remoteGlobalIDString = 4155030C28F737FC00A1700E;
			remoteInfo = ProductCatalog;
		};
/* End PBXContainerItemProxy section */

/* Begin PBXFileReference section */
		4155030D28F737FC00A1700E /* ProductCatalog.app */ = {isa = PBXFileReference; explicitFileType = wrapper.application; includeInIndex = 0; path = ProductCatalog.app; sourceTree = BUILT_PRODUCTS_DIR; };
		4155031028F737FC00A1700E /* AppDelegate.swift */ = {isa = PBXFileReference; lastKnownFileType = sourcecode.swift; path = AppDelegate.swift; sourceTree = "<group>"; };
		4155031228F737FC00A1700E /* SceneDelegate.swift */ = {isa = PBXFileReference; lastKnownFileType = sourcecode.swift; path = SceneDelegate.swift; sourceTree = "<group>"; };
		4155031428F737FC00A1700E /* ProductListViewController.swift */ = {isa = PBXFileReference; lastKnownFileType = sourcecode.swift; path = ProductListViewController.swift; sourceTree = "<group>"; };
		4155031728F737FC00A1700E /* Base */ = {isa = PBXFileReference; lastKnownFileType = file.storyboard; name = Base; path = Base.lproj/Main.storyboard; sourceTree = "<group>"; };
		4155031928F737FF00A1700E /* Assets.xcassets */ = {isa = PBXFileReference; lastKnownFileType = folder.assetcatalog; path = Assets.xcassets; sourceTree = "<group>"; };
		4155031C28F737FF00A1700E /* Base */ = {isa = PBXFileReference; lastKnownFileType = file.storyboard; name = Base; path = Base.lproj/LaunchScreen.storyboard; sourceTree = "<group>"; };
		4155031E28F737FF00A1700E /* Info.plist */ = {isa = PBXFileReference; lastKnownFileType = text.plist.xml; path = Info.plist; sourceTree = "<group>"; };
		4155032328F737FF00A1700E /* ProductCatalogTests.xctest */ = {isa = PBXFileReference; explicitFileType = wrapper.cfbundle; includeInIndex = 0; path = ProductCatalogTests.xctest; sourceTree = BUILT_PRODUCTS_DIR; };
		4155032728F737FF00A1700E /* ProductCatalogTests.swift */ = {isa = PBXFileReference; lastKnownFileType = sourcecode.swift; path = ProductCatalogTests.swift; sourceTree = "<group>"; };
		4155032D28F737FF00A1700E /* ProductCatalogUITests.xctest */ = {isa = PBXFileReference; explicitFileType = wrapper.cfbundle; includeInIndex = 0; path = ProductCatalogUITests.xctest; sourceTree = BUILT_PRODUCTS_DIR; };
		4155033128F737FF00A1700E /* ProductCatalogUITests.swift */ = {isa = PBXFileReference; lastKnownFileType = sourcecode.swift; path = ProductCatalogUITests.swift; sourceTree = "<group>"; };
		4155033328F737FF00A1700E /* ProductCatalogUITestsLaunchTests.swift */ = {isa = PBXFileReference; lastKnownFileType = sourcecode.swift; path = ProductCatalogUITestsLaunchTests.swift; sourceTree = "<group>"; };
		41561B1328F7E90100669971 /* ProductDetailsViewController.swift */ = {isa = PBXFileReference; lastKnownFileType = sourcecode.swift; path = ProductDetailsViewController.swift; sourceTree = "<group>"; };
		41561B1528F7E93400669971 /* ProductListViewModel.swift */ = {isa = PBXFileReference; lastKnownFileType = sourcecode.swift; path = ProductListViewModel.swift; sourceTree = "<group>"; };
		41561B1728F7E94B00669971 /* ProductDetailsViewModel.swift */ = {isa = PBXFileReference; lastKnownFileType = sourcecode.swift; path = ProductDetailsViewModel.swift; sourceTree = "<group>"; };
		41561B1928F7E9A200669971 /* ProductListModel.swift */ = {isa = PBXFileReference; lastKnownFileType = sourcecode.swift; path = ProductListModel.swift; sourceTree = "<group>"; };
		41561B1B28F7E9C400669971 /* ProductDetailsModel.swift */ = {isa = PBXFileReference; lastKnownFileType = sourcecode.swift; path = ProductDetailsModel.swift; sourceTree = "<group>"; };
		41561B1D28F7EA1F00669971 /* ProductListRouter.swift */ = {isa = PBXFileReference; lastKnownFileType = sourcecode.swift; path = ProductListRouter.swift; sourceTree = "<group>"; };
		41561B1F28F7EA3500669971 /* ProductDetailsRouter.swift */ = {isa = PBXFileReference; lastKnownFileType = sourcecode.swift; path = ProductDetailsRouter.swift; sourceTree = "<group>"; };
		41561B2128F8027E00669971 /* HttpClient.swift */ = {isa = PBXFileReference; lastKnownFileType = sourcecode.swift; path = HttpClient.swift; sourceTree = "<group>"; };
		41561B2328F943A000669971 /* Extensions.swift */ = {isa = PBXFileReference; lastKnownFileType = sourcecode.swift; path = Extensions.swift; sourceTree = "<group>"; };
		41B1060928FAE18D00F1B28D /* Configuration.swift */ = {isa = PBXFileReference; lastKnownFileType = sourcecode.swift; path = Configuration.swift; sourceTree = "<group>"; };
/* End PBXFileReference section */

/* Begin PBXFrameworksBuildPhase section */
		4155030A28F737FC00A1700E /* Frameworks */ = {
			isa = PBXFrameworksBuildPhase;
			buildActionMask = 2147483647;
			files = (
			);
			runOnlyForDeploymentPostprocessing = 0;
		};
		4155032028F737FF00A1700E /* Frameworks */ = {
			isa = PBXFrameworksBuildPhase;
			buildActionMask = 2147483647;
			files = (
			);
			runOnlyForDeploymentPostprocessing = 0;
		};
		4155032A28F737FF00A1700E /* Frameworks */ = {
			isa = PBXFrameworksBuildPhase;
			buildActionMask = 2147483647;
			files = (
			);
			runOnlyForDeploymentPostprocessing = 0;
		};
/* End PBXFrameworksBuildPhase section */

/* Begin PBXGroup section */
		4155030428F737FC00A1700E = {
			isa = PBXGroup;
			children = (
				4155030F28F737FC00A1700E /* ProductCatalog */,
				4155032628F737FF00A1700E /* ProductCatalogTests */,
				4155033028F737FF00A1700E /* ProductCatalogUITests */,
				4155030E28F737FC00A1700E /* Products */,
			);
			sourceTree = "<group>";
		};
		4155030E28F737FC00A1700E /* Products */ = {
			isa = PBXGroup;
			children = (
				4155030D28F737FC00A1700E /* ProductCatalog.app */,
				4155032328F737FF00A1700E /* ProductCatalogTests.xctest */,
				4155032D28F737FF00A1700E /* ProductCatalogUITests.xctest */,
			);
			name = Products;
			sourceTree = "<group>";
		};
		4155030F28F737FC00A1700E /* ProductCatalog */ = {
			isa = PBXGroup;
			children = (
				41561B1028F7E82F00669971 /* Scenes */,
				4155031028F737FC00A1700E /* AppDelegate.swift */,
				4155031228F737FC00A1700E /* SceneDelegate.swift */,
				4155031628F737FC00A1700E /* Main.storyboard */,
				4155031928F737FF00A1700E /* Assets.xcassets */,
				4155031B28F737FF00A1700E /* LaunchScreen.storyboard */,
				4155031E28F737FF00A1700E /* Info.plist */,
				41561B2128F8027E00669971 /* HttpClient.swift */,
				41561B2328F943A000669971 /* Extensions.swift */,
				41B1060928FAE18D00F1B28D /* Configuration.swift */,
			);
			path = ProductCatalog;
			sourceTree = "<group>";
		};
		4155032628F737FF00A1700E /* ProductCatalogTests */ = {
			isa = PBXGroup;
			children = (
				4155032728F737FF00A1700E /* ProductCatalogTests.swift */,
			);
			path = ProductCatalogTests;
			sourceTree = "<group>";
		};
		4155033028F737FF00A1700E /* ProductCatalogUITests */ = {
			isa = PBXGroup;
			children = (
				4155033128F737FF00A1700E /* ProductCatalogUITests.swift */,
				4155033328F737FF00A1700E /* ProductCatalogUITestsLaunchTests.swift */,
			);
			path = ProductCatalogUITests;
			sourceTree = "<group>";
		};
		41561B1028F7E82F00669971 /* Scenes */ = {
			isa = PBXGroup;
			children = (
				41561B1128F7E87200669971 /* ProductList */,
				41561B1228F7E87E00669971 /* ProductDetails */,
			);
			path = Scenes;
			sourceTree = "<group>";
		};
		41561B1128F7E87200669971 /* ProductList */ = {
			isa = PBXGroup;
			children = (
				4155031428F737FC00A1700E /* ProductListViewController.swift */,
				41561B1528F7E93400669971 /* ProductListViewModel.swift */,
				41561B1928F7E9A200669971 /* ProductListModel.swift */,
				41561B1D28F7EA1F00669971 /* ProductListRouter.swift */,
			);
			path = ProductList;
			sourceTree = "<group>";
		};
		41561B1228F7E87E00669971 /* ProductDetails */ = {
			isa = PBXGroup;
			children = (
				41561B1328F7E90100669971 /* ProductDetailsViewController.swift */,
				41561B1728F7E94B00669971 /* ProductDetailsViewModel.swift */,
				41561B1B28F7E9C400669971 /* ProductDetailsModel.swift */,
				41561B1F28F7EA3500669971 /* ProductDetailsRouter.swift */,
			);
			path = ProductDetails;
			sourceTree = "<group>";
		};
/* End PBXGroup section */

/* Begin PBXNativeTarget section */
		4155030C28F737FC00A1700E /* ProductCatalog */ = {
			isa = PBXNativeTarget;
			buildConfigurationList = 4155033728F737FF00A1700E /* Build configuration list for PBXNativeTarget "ProductCatalog" */;
			buildPhases = (
				4155030928F737FC00A1700E /* Sources */,
				4155030A28F737FC00A1700E /* Frameworks */,
				4155030B28F737FC00A1700E /* Resources */,
			);
			buildRules = (
			);
			dependencies = (
			);
			name = ProductCatalog;
			productName = ProductCatalog;
			productReference = 4155030D28F737FC00A1700E /* ProductCatalog.app */;
			productType = "com.apple.product-type.application";
		};
		4155032228F737FF00A1700E /* ProductCatalogTests */ = {
			isa = PBXNativeTarget;
			buildConfigurationList = 4155033A28F737FF00A1700E /* Build configuration list for PBXNativeTarget "ProductCatalogTests" */;
			buildPhases = (
				4155031F28F737FF00A1700E /* Sources */,
				4155032028F737FF00A1700E /* Frameworks */,
				4155032128F737FF00A1700E /* Resources */,
			);
			buildRules = (
			);
			dependencies = (
				4155032528F737FF00A1700E /* PBXTargetDependency */,
			);
			name = ProductCatalogTests;
			productName = ProductCatalogTests;
			productReference = 4155032328F737FF00A1700E /* ProductCatalogTests.xctest */;
			productType = "com.apple.product-type.bundle.unit-test";
		};
		4155032C28F737FF00A1700E /* ProductCatalogUITests */ = {
			isa = PBXNativeTarget;
			buildConfigurationList = 4155033D28F737FF00A1700E /* Build configuration list for PBXNativeTarget "ProductCatalogUITests" */;
			buildPhases = (
				4155032928F737FF00A1700E /* Sources */,
				4155032A28F737FF00A1700E /* Frameworks */,
				4155032B28F737FF00A1700E /* Resources */,
			);
			buildRules = (
			);
			dependencies = (
				4155032F28F737FF00A1700E /* PBXTargetDependency */,
			);
			name = ProductCatalogUITests;
			productName = ProductCatalogUITests;
			productReference = 4155032D28F737FF00A1700E /* ProductCatalogUITests.xctest */;
			productType = "com.apple.product-type.bundle.ui-testing";
		};
/* End PBXNativeTarget section */

/* Begin PBXProject section */
		4155030528F737FC00A1700E /* Project object */ = {
			isa = PBXProject;
			attributes = {
				BuildIndependentTargetsInParallel = 1;
				LastSwiftUpdateCheck = 1400;
				LastUpgradeCheck = 1400;
				TargetAttributes = {
					4155030C28F737FC00A1700E = {
						CreatedOnToolsVersion = 14.0.1;
					};
					4155032228F737FF00A1700E = {
						CreatedOnToolsVersion = 14.0.1;
						TestTargetID = 4155030C28F737FC00A1700E;
					};
					4155032C28F737FF00A1700E = {
						CreatedOnToolsVersion = 14.0.1;
						TestTargetID = 4155030C28F737FC00A1700E;
					};
				};
			};
			buildConfigurationList = 4155030828F737FC00A1700E /* Build configuration list for PBXProject "ProductCatalog" */;
			compatibilityVersion = "Xcode 14.0";
			developmentRegion = en;
			hasScannedForEncodings = 0;
			knownRegions = (
				en,
				Base,
			);
			mainGroup = 4155030428F737FC00A1700E;
			productRefGroup = 4155030E28F737FC00A1700E /* Products */;
			projectDirPath = "";
			projectRoot = "";
			targets = (
				4155030C28F737FC00A1700E /* ProductCatalog */,
				4155032228F737FF00A1700E /* ProductCatalogTests */,
				4155032C28F737FF00A1700E /* ProductCatalogUITests */,
			);
		};
/* End PBXProject section */

/* Begin PBXResourcesBuildPhase section */
		4155030B28F737FC00A1700E /* Resources */ = {
			isa = PBXResourcesBuildPhase;
			buildActionMask = 2147483647;
			files = (
				4155031D28F737FF00A1700E /* LaunchScreen.storyboard in Resources */,
				4155031A28F737FF00A1700E /* Assets.xcassets in Resources */,
				4155031828F737FC00A1700E /* Main.storyboard in Resources */,
			);
			runOnlyForDeploymentPostprocessing = 0;
		};
		4155032128F737FF00A1700E /* Resources */ = {
			isa = PBXResourcesBuildPhase;
			buildActionMask = 2147483647;
			files = (
			);
			runOnlyForDeploymentPostprocessing = 0;
		};
		4155032B28F737FF00A1700E /* Resources */ = {
			isa = PBXResourcesBuildPhase;
			buildActionMask = 2147483647;
			files = (
			);
			runOnlyForDeploymentPostprocessing = 0;
		};
/* End PBXResourcesBuildPhase section */

/* Begin PBXSourcesBuildPhase section */
		4155030928F737FC00A1700E /* Sources */ = {
			isa = PBXSourcesBuildPhase;
			buildActionMask = 2147483647;
			files = (
				4155031528F737FC00A1700E /* ProductListViewController.swift in Sources */,
				41561B1E28F7EA1F00669971 /* ProductListRouter.swift in Sources */,
				41561B1A28F7E9A200669971 /* ProductListModel.swift in Sources */,
				41561B1628F7E93400669971 /* ProductListViewModel.swift in Sources */,
				4155031128F737FC00A1700E /* AppDelegate.swift in Sources */,
				41561B2028F7EA3500669971 /* ProductDetailsRouter.swift in Sources */,
				41561B1C28F7E9C400669971 /* ProductDetailsModel.swift in Sources */,
				41B1060A28FAE18D00F1B28D /* Configuration.swift in Sources */,
				41561B2428F943A000669971 /* Extensions.swift in Sources */,
				41561B2228F8027E00669971 /* HttpClient.swift in Sources */,
				4155031328F737FC00A1700E /* SceneDelegate.swift in Sources */,
				41561B1428F7E90200669971 /* ProductDetailsViewController.swift in Sources */,
				41561B1828F7E94B00669971 /* ProductDetailsViewModel.swift in Sources */,
			);
			runOnlyForDeploymentPostprocessing = 0;
		};
		4155031F28F737FF00A1700E /* Sources */ = {
			isa = PBXSourcesBuildPhase;
			buildActionMask = 2147483647;
			files = (
				4155032828F737FF00A1700E /* ProductCatalogTests.swift in Sources */,
			);
			runOnlyForDeploymentPostprocessing = 0;
		};
		4155032928F737FF00A1700E /* Sources */ = {
			isa = PBXSourcesBuildPhase;
			buildActionMask = 2147483647;
			files = (
				4155033428F737FF00A1700E /* ProductCatalogUITestsLaunchTests.swift in Sources */,
				4155033228F737FF00A1700E /* ProductCatalogUITests.swift in Sources */,
			);
			runOnlyForDeploymentPostprocessing = 0;
		};
/* End PBXSourcesBuildPhase section */

/* Begin PBXTargetDependency section */
		4155032528F737FF00A1700E /* PBXTargetDependency */ = {
			isa = PBXTargetDependency;
			target = 4155030C28F737FC00A1700E /* ProductCatalog */;
			targetProxy = 4155032428F737FF00A1700E /* PBXContainerItemProxy */;
		};
		4155032F28F737FF00A1700E /* PBXTargetDependency */ = {
			isa = PBXTargetDependency;
			target = 4155030C28F737FC00A1700E /* ProductCatalog */;
			targetProxy = 4155032E28F737FF00A1700E /* PBXContainerItemProxy */;
		};
/* End PBXTargetDependency section */

/* Begin PBXVariantGroup section */
		4155031628F737FC00A1700E /* Main.storyboard */ = {
			isa = PBXVariantGroup;
			children = (
				4155031728F737FC00A1700E /* Base */,
			);
			name = Main.storyboard;
			sourceTree = "<group>";
		};
		4155031B28F737FF00A1700E /* LaunchScreen.storyboard */ = {
			isa = PBXVariantGroup;
			children = (
				4155031C28F737FF00A1700E /* Base */,
			);
			name = LaunchScreen.storyboard;
			sourceTree = "<group>";
		};
/* End PBXVariantGroup section */

/* Begin XCBuildConfiguration section */
		4155033528F737FF00A1700E /* Debug */ = {
			isa = XCBuildConfiguration;
			buildSettings = {
				ALWAYS_SEARCH_USER_PATHS = NO;
				CLANG_ANALYZER_NONNULL = YES;
				CLANG_ANALYZER_NUMBER_OBJECT_CONVERSION = YES_AGGRESSIVE;
				CLANG_CXX_LANGUAGE_STANDARD = "gnu++20";
				CLANG_ENABLE_MODULES = YES;
				CLANG_ENABLE_OBJC_ARC = YES;
				CLANG_ENABLE_OBJC_WEAK = YES;
				CLANG_WARN_BLOCK_CAPTURE_AUTORELEASING = YES;
				CLANG_WARN_BOOL_CONVERSION = YES;
				CLANG_WARN_COMMA = YES;
				CLANG_WARN_CONSTANT_CONVERSION = YES;
				CLANG_WARN_DEPRECATED_OBJC_IMPLEMENTATIONS = YES;
				CLANG_WARN_DIRECT_OBJC_ISA_USAGE = YES_ERROR;
				CLANG_WARN_DOCUMENTATION_COMMENTS = YES;
				CLANG_WARN_EMPTY_BODY = YES;
				CLANG_WARN_ENUM_CONVERSION = YES;
				CLANG_WARN_INFINITE_RECURSION = YES;
				CLANG_WARN_INT_CONVERSION = YES;
				CLANG_WARN_NON_LITERAL_NULL_CONVERSION = YES;
				CLANG_WARN_OBJC_IMPLICIT_RETAIN_SELF = YES;
				CLANG_WARN_OBJC_LITERAL_CONVERSION = YES;
				CLANG_WARN_OBJC_ROOT_CLASS = YES_ERROR;
				CLANG_WARN_QUOTED_INCLUDE_IN_FRAMEWORK_HEADER = YES;
				CLANG_WARN_RANGE_LOOP_ANALYSIS = YES;
				CLANG_WARN_STRICT_PROTOTYPES = YES;
				CLANG_WARN_SUSPICIOUS_MOVE = YES;
				CLANG_WARN_UNGUARDED_AVAILABILITY = YES_AGGRESSIVE;
				CLANG_WARN_UNREACHABLE_CODE = YES;
				CLANG_WARN__DUPLICATE_METHOD_MATCH = YES;
				COPY_PHASE_STRIP = NO;
				DEBUG_INFORMATION_FORMAT = dwarf;
				ENABLE_STRICT_OBJC_MSGSEND = YES;
				ENABLE_TESTABILITY = YES;
				GCC_C_LANGUAGE_STANDARD = gnu11;
				GCC_DYNAMIC_NO_PIC = NO;
				GCC_NO_COMMON_BLOCKS = YES;
				GCC_OPTIMIZATION_LEVEL = 0;
				GCC_PREPROCESSOR_DEFINITIONS = (
					"DEBUG=1",
					"$(inherited)",
				);
				GCC_WARN_64_TO_32_BIT_CONVERSION = YES;
				GCC_WARN_ABOUT_RETURN_TYPE = YES_ERROR;
				GCC_WARN_UNDECLARED_SELECTOR = YES;
				GCC_WARN_UNINITIALIZED_AUTOS = YES_AGGRESSIVE;
				GCC_WARN_UNUSED_FUNCTION = YES;
				GCC_WARN_UNUSED_VARIABLE = YES;
				IPHONEOS_DEPLOYMENT_TARGET = 16.0;
				MTL_ENABLE_DEBUG_INFO = INCLUDE_SOURCE;
				MTL_FAST_MATH = YES;
				ONLY_ACTIVE_ARCH = YES;
				SDKROOT = iphoneos;
				SWIFT_ACTIVE_COMPILATION_CONDITIONS = DEBUG;
				SWIFT_OPTIMIZATION_LEVEL = "-Onone";
			};
			name = Debug;
		};
		4155033628F737FF00A1700E /* Release */ = {
			isa = XCBuildConfiguration;
			buildSettings = {
				ALWAYS_SEARCH_USER_PATHS = NO;
				CLANG_ANALYZER_NONNULL = YES;
				CLANG_ANALYZER_NUMBER_OBJECT_CONVERSION = YES_AGGRESSIVE;
				CLANG_CXX_LANGUAGE_STANDARD = "gnu++20";
				CLANG_ENABLE_MODULES = YES;
				CLANG_ENABLE_OBJC_ARC = YES;
				CLANG_ENABLE_OBJC_WEAK = YES;
				CLANG_WARN_BLOCK_CAPTURE_AUTORELEASING = YES;
				CLANG_WARN_BOOL_CONVERSION = YES;
				CLANG_WARN_COMMA = YES;
				CLANG_WARN_CONSTANT_CONVERSION = YES;
				CLANG_WARN_DEPRECATED_OBJC_IMPLEMENTATIONS = YES;
				CLANG_WARN_DIRECT_OBJC_ISA_USAGE = YES_ERROR;
				CLANG_WARN_DOCUMENTATION_COMMENTS = YES;
				CLANG_WARN_EMPTY_BODY = YES;
				CLANG_WARN_ENUM_CONVERSION = YES;
				CLANG_WARN_INFINITE_RECURSION = YES;
				CLANG_WARN_INT_CONVERSION = YES;
				CLANG_WARN_NON_LITERAL_NULL_CONVERSION = YES;
				CLANG_WARN_OBJC_IMPLICIT_RETAIN_SELF = YES;
				CLANG_WARN_OBJC_LITERAL_CONVERSION = YES;
				CLANG_WARN_OBJC_ROOT_CLASS = YES_ERROR;
				CLANG_WARN_QUOTED_INCLUDE_IN_FRAMEWORK_HEADER = YES;
				CLANG_WARN_RANGE_LOOP_ANALYSIS = YES;
				CLANG_WARN_STRICT_PROTOTYPES = YES;
				CLANG_WARN_SUSPICIOUS_MOVE = YES;
				CLANG_WARN_UNGUARDED_AVAILABILITY = YES_AGGRESSIVE;
				CLANG_WARN_UNREACHABLE_CODE = YES;
				CLANG_WARN__DUPLICATE_METHOD_MATCH = YES;
				COPY_PHASE_STRIP = NO;
				DEBUG_INFORMATION_FORMAT = "dwarf-with-dsym";
				ENABLE_NS_ASSERTIONS = NO;
				ENABLE_STRICT_OBJC_MSGSEND = YES;
				GCC_C_LANGUAGE_STANDARD = gnu11;
				GCC_NO_COMMON_BLOCKS = YES;
				GCC_WARN_64_TO_32_BIT_CONVERSION = YES;
				GCC_WARN_ABOUT_RETURN_TYPE = YES_ERROR;
				GCC_WARN_UNDECLARED_SELECTOR = YES;
				GCC_WARN_UNINITIALIZED_AUTOS = YES_AGGRESSIVE;
				GCC_WARN_UNUSED_FUNCTION = YES;
				GCC_WARN_UNUSED_VARIABLE = YES;
				IPHONEOS_DEPLOYMENT_TARGET = 16.0;
				MTL_ENABLE_DEBUG_INFO = NO;
				MTL_FAST_MATH = YES;
				SDKROOT = iphoneos;
				SWIFT_COMPILATION_MODE = wholemodule;
				SWIFT_OPTIMIZATION_LEVEL = "-O";
				VALIDATE_PRODUCT = YES;
			};
			name = Release;
		};
		4155033828F737FF00A1700E /* Debug */ = {
			isa = XCBuildConfiguration;
			buildSettings = {
				ASSETCATALOG_COMPILER_APPICON_NAME = AppIcon;
				ASSETCATALOG_COMPILER_GLOBAL_ACCENT_COLOR_NAME = AccentColor;
				CODE_SIGN_STYLE = Automatic;
				CURRENT_PROJECT_VERSION = 1;
				DEVELOPMENT_TEAM = AT2HUTKWVR;
				GENERATE_INFOPLIST_FILE = YES;
				INFOPLIST_FILE = ProductCatalog/Info.plist;
				INFOPLIST_KEY_UIApplicationSupportsIndirectInputEvents = YES;
				INFOPLIST_KEY_UILaunchStoryboardName = LaunchScreen;
				INFOPLIST_KEY_UIMainStoryboardFile = Main;
				INFOPLIST_KEY_UISupportedInterfaceOrientations_iPad = "UIInterfaceOrientationPortrait UIInterfaceOrientationPortraitUpsideDown UIInterfaceOrientationLandscapeLeft UIInterfaceOrientationLandscapeRight";
				INFOPLIST_KEY_UISupportedInterfaceOrientations_iPhone = "UIInterfaceOrientationPortrait UIInterfaceOrientationLandscapeLeft UIInterfaceOrientationLandscapeRight";
				LD_RUNPATH_SEARCH_PATHS = (
					"$(inherited)",
					"@executable_path/Frameworks",
				);
				MARKETING_VERSION = 1.0;
				PRODUCT_BUNDLE_IDENTIFIER = ahmet.ProductCatalog;
				PRODUCT_NAME = "$(TARGET_NAME)";
				SWIFT_EMIT_LOC_STRINGS = YES;
				SWIFT_VERSION = 5.0;
				TARGETED_DEVICE_FAMILY = "1,2";
			};
			name = Debug;
		};
		4155033928F737FF00A1700E /* Release */ = {
			isa = XCBuildConfiguration;
			buildSettings = {
				ASSETCATALOG_COMPILER_APPICON_NAME = AppIcon;
				ASSETCATALOG_COMPILER_GLOBAL_ACCENT_COLOR_NAME = AccentColor;
				CODE_SIGN_STYLE = Automatic;
				CURRENT_PROJECT_VERSION = 1;
				DEVELOPMENT_TEAM = AT2HUTKWVR;
				GENERATE_INFOPLIST_FILE = YES;
				INFOPLIST_FILE = ProductCatalog/Info.plist;
				INFOPLIST_KEY_UIApplicationSupportsIndirectInputEvents = YES;
				INFOPLIST_KEY_UILaunchStoryboardName = LaunchScreen;
				INFOPLIST_KEY_UIMainStoryboardFile = Main;
				INFOPLIST_KEY_UISupportedInterfaceOrientations_iPad = "UIInterfaceOrientationPortrait UIInterfaceOrientationPortraitUpsideDown UIInterfaceOrientationLandscapeLeft UIInterfaceOrientationLandscapeRight";
				INFOPLIST_KEY_UISupportedInterfaceOrientations_iPhone = "UIInterfaceOrientationPortrait UIInterfaceOrientationLandscapeLeft UIInterfaceOrientationLandscapeRight";
				LD_RUNPATH_SEARCH_PATHS = (
					"$(inherited)",
					"@executable_path/Frameworks",
				);
				MARKETING_VERSION = 1.0;
				PRODUCT_BUNDLE_IDENTIFIER = ahmet.ProductCatalog;
				PRODUCT_NAME = "$(TARGET_NAME)";
				SWIFT_EMIT_LOC_STRINGS = YES;
				SWIFT_VERSION = 5.0;
				TARGETED_DEVICE_FAMILY = "1,2";
			};
			name = Release;
		};
		4155033B28F737FF00A1700E /* Debug */ = {
			isa = XCBuildConfiguration;
			buildSettings = {
				ALWAYS_EMBED_SWIFT_STANDARD_LIBRARIES = YES;
				BUNDLE_LOADER = "$(TEST_HOST)";
				CODE_SIGN_STYLE = Automatic;
				CURRENT_PROJECT_VERSION = 1;
				DEVELOPMENT_TEAM = AT2HUTKWVR;
				GENERATE_INFOPLIST_FILE = YES;
				IPHONEOS_DEPLOYMENT_TARGET = 16.0;
				MARKETING_VERSION = 1.0;
				PRODUCT_BUNDLE_IDENTIFIER = ahmet.ProductCatalogTests;
				PRODUCT_NAME = "$(TARGET_NAME)";
				SWIFT_EMIT_LOC_STRINGS = NO;
				SWIFT_VERSION = 5.0;
				TARGETED_DEVICE_FAMILY = "1,2";
				TEST_HOST = "$(BUILT_PRODUCTS_DIR)/ProductCatalog.app/$(BUNDLE_EXECUTABLE_FOLDER_PATH)/ProductCatalog";
			};
			name = Debug;
		};
		4155033C28F737FF00A1700E /* Release */ = {
			isa = XCBuildConfiguration;
			buildSettings = {
				ALWAYS_EMBED_SWIFT_STANDARD_LIBRARIES = YES;
				BUNDLE_LOADER = "$(TEST_HOST)";
				CODE_SIGN_STYLE = Automatic;
				CURRENT_PROJECT_VERSION = 1;
				DEVELOPMENT_TEAM = AT2HUTKWVR;
				GENERATE_INFOPLIST_FILE = YES;
				IPHONEOS_DEPLOYMENT_TARGET = 16.0;
				MARKETING_VERSION = 1.0;
				PRODUCT_BUNDLE_IDENTIFIER = ahmet.ProductCatalogTests;
				PRODUCT_NAME = "$(TARGET_NAME)";
				SWIFT_EMIT_LOC_STRINGS = NO;
				SWIFT_VERSION = 5.0;
				TARGETED_DEVICE_FAMILY = "1,2";
				TEST_HOST = "$(BUILT_PRODUCTS_DIR)/ProductCatalog.app/$(BUNDLE_EXECUTABLE_FOLDER_PATH)/ProductCatalog";
			};
			name = Release;
		};
		4155033E28F737FF00A1700E /* Debug */ = {
			isa = XCBuildConfiguration;
			buildSettings = {
				ALWAYS_EMBED_SWIFT_STANDARD_LIBRARIES = YES;
				CODE_SIGN_STYLE = Automatic;
				CURRENT_PROJECT_VERSION = 1;
				DEVELOPMENT_TEAM = AT2HUTKWVR;
				GENERATE_INFOPLIST_FILE = YES;
				MARKETING_VERSION = 1.0;
				PRODUCT_BUNDLE_IDENTIFIER = ahmet.ProductCatalogUITests;
				PRODUCT_NAME = "$(TARGET_NAME)";
				SWIFT_EMIT_LOC_STRINGS = NO;
				SWIFT_VERSION = 5.0;
				TARGETED_DEVICE_FAMILY = "1,2";
				TEST_TARGET_NAME = ProductCatalog;
			};
			name = Debug;
		};
		4155033F28F737FF00A1700E /* Release */ = {
			isa = XCBuildConfiguration;
			buildSettings = {
				ALWAYS_EMBED_SWIFT_STANDARD_LIBRARIES = YES;
				CODE_SIGN_STYLE = Automatic;
				CURRENT_PROJECT_VERSION = 1;
				DEVELOPMENT_TEAM = AT2HUTKWVR;
				GENERATE_INFOPLIST_FILE = YES;
				MARKETING_VERSION = 1.0;
				PRODUCT_BUNDLE_IDENTIFIER = ahmet.ProductCatalogUITests;
				PRODUCT_NAME = "$(TARGET_NAME)";
				SWIFT_EMIT_LOC_STRINGS = NO;
				SWIFT_VERSION = 5.0;
				TARGETED_DEVICE_FAMILY = "1,2";
				TEST_TARGET_NAME = ProductCatalog;
			};
			name = Release;
		};
/* End XCBuildConfiguration section */

/* Begin XCConfigurationList section */
		4155030828F737FC00A1700E /* Build configuration list for PBXProject "ProductCatalog" */ = {
			isa = XCConfigurationList;
			buildConfigurations = (
				4155033528F737FF00A1700E /* Debug */,
				4155033628F737FF00A1700E /* Release */,
			);
			defaultConfigurationIsVisible = 0;
			defaultConfigurationName = Release;
		};
		4155033728F737FF00A1700E /* Build configuration list for PBXNativeTarget "ProductCatalog" */ = {
			isa = XCConfigurationList;
			buildConfigurations = (
				4155033828F737FF00A1700E /* Debug */,
				4155033928F737FF00A1700E /* Release */,
			);
			defaultConfigurationIsVisible = 0;
			defaultConfigurationName = Release;
		};
		4155033A28F737FF00A1700E /* Build configuration list for PBXNativeTarget "ProductCatalogTests" */ = {
			isa = XCConfigurationList;
			buildConfigurations = (
				4155033B28F737FF00A1700E /* Debug */,
				4155033C28F737FF00A1700E /* Release */,
			);
			defaultConfigurationIsVisible = 0;
			defaultConfigurationName = Release;
		};
		4155033D28F737FF00A1700E /* Build configuration list for PBXNativeTarget "ProductCatalogUITests" */ = {
			isa = XCConfigurationList;
			buildConfigurations = (
				4155033E28F737FF00A1700E /* Debug */,
				4155033F28F737FF00A1700E /* Release */,
			);
			defaultConfigurationIsVisible = 0;
			defaultConfigurationName = Release;
		};
/* End XCConfigurationList section */
	};
	rootObject = 4155030528F737FC00A1700E /* Project object */;
}
